{
    "_readme": [
        "This file locks the dependencies of your project to a known state",
        "Read more about it at https://getcomposer.org/doc/01-basic-usage.md#composer-lock-the-lock-file",
        "This file is @generated automatically"
    ],
    "hash": "bc31da6d19715710365733b48b4a7ac2",
    "content-hash": "21b863157e63b3f2fbfd4c86aca42038",
    "packages": [],
    "packages-dev": [
        {
            "name": "df/php-coverfish",
            "version": "1.0.1",
            "source": {
                "type": "git",
                "url": "https://github.com/dunkelfrosch/phpcoverfish.git",
                "reference": "39a0f6bcbb0c26d13cdb5eb181ee6f6acc767c28"
            },
            "dist": {
                "type": "zip",
                "url": "https://api.github.com/repos/dunkelfrosch/phpcoverfish/zipball/39a0f6bcbb0c26d13cdb5eb181ee6f6acc767c28",
                "reference": "39a0f6bcbb0c26d13cdb5eb181ee6f6acc767c28",
                "shasum": ""
            },
            "require": {
                "php": ">=5.5.9",
                "phpunit/php-token-stream": "~1.2",
                "sebastian/finder-facade": "~1.1",
                "symfony/console": ">=2.3"
            },
            "require-dev": {
                "phpunit/phpunit": "~4.7"
            },
            "bin": [
                "bin/coverfish"
            ],
            "type": "library",
            "extra": {
                "branch-alias": {
                    "dev-master": "1.0.x-dev"
                }
            },
            "autoload": {
                "psr-4": {
                    "DF\\PHPCoverFish\\": "src/PHPCoverFish/",
                    "DF\\PHPCoverFish\\Tests\\": "tests/"
                }
            },
            "notification-url": "https://packagist.org/downloads/",
            "license": [
                "MIT"
            ],
            "authors": [
                {
                    "name": "Patrick Paechnatz",
                    "email": "patrick.paechnatz@gmail.com",
                    "role": "lead"
                }
            ],
            "description": "lightweight static code analysis tool for class coverage check of PHPUnit's CodeCoverage",
            "keywords": [
                "coverage",
                "php",
                "phpcc",
                "phpunit",
                "silex",
                "symfony"
            ],
            "time": "2015-08-08 00:00:00"
        },
        {
            "name": "mi-schi/php-code-checker",
            "version": "2.2.10",
            "source": {
                "type": "git",
                "url": "https://github.com/mi-schi/php-code-checker.git",
                "reference": "eef096e9218cfad6d2e39d9101515a44596a486f"
            },
            "dist": {
                "type": "zip",
                "url": "https://api.github.com/repos/mi-schi/php-code-checker/zipball/eef096e9218cfad6d2e39d9101515a44596a486f",
                "reference": "eef096e9218cfad6d2e39d9101515a44596a486f",
                "shasum": ""
            },
            "require": {
                "df/php-coverfish": "@stable",
                "mi-schi/phpmd-symfony2": "@stable",
                "move-elevator/symfony-coding-standard": "@stable",
                "pdepend/pdepend": "@stable",
                "php": ">=5.6.0",
                "phploc/phploc": "@stable",
                "phpmd/phpmd": "@stable",
                "sebastian/phpcpd": "@stable",
                "squizlabs/php_codesniffer": "@stable"
            },
            "type": "library",
            "extra": {
                "minimum-stability": "stable",
                "prefer-stable": true
            },
            "notification-url": "https://packagist.org/downloads/",
            "description": "Execute the tests and check the php code",
            "time": "2016-02-05 08:36:23"
        },
        {
            "name": "mi-schi/phpmd-symfony2",
            "version": "2.1.1",
            "source": {
                "type": "git",
                "url": "https://github.com/mi-schi/phpmd-symfony2.git",
                "reference": "a6d514710ac1ba86254db337d4d0545cf9e020d7"
            },
            "dist": {
                "type": "zip",
                "url": "https://api.github.com/repos/mi-schi/phpmd-symfony2/zipball/a6d514710ac1ba86254db337d4d0545cf9e020d7",
                "reference": "a6d514710ac1ba86254db337d4d0545cf9e020d7",
                "shasum": ""
            },
            "require": {
                "phpmd/phpmd": ">=2.3.0"
            },
            "require-dev": {
                "mockery/mockery": "@stable",
                "phpunit/phpunit": "^4.7",
                "symfony/process": "^2.7"
            },
            "type": "library",
            "autoload": {
                "psr-4": {
                    "MS\\PHPMD\\Rule\\": "Rule/"
                }
            },
            "notification-url": "https://packagist.org/downloads/",
            "license": [
                "MIT"
            ],
            "authors": [
                {
                    "name": "Michael Schindler",
                    "email": "madsn@gmx.de"
                }
            ],
            "description": "Extended mess detection rules from phpmd for Symfony applications.",
            "homepage": "https://github.com/mi-schi/phpmd-symfony2",
            "keywords": [
                "Symfony2",
                "clean code",
                "extends",
                "mess detection",
                "phpmd",
                "rules"
            ],
            "abandoned": "https://github.com/mi-schi/phpmd-extension",
            "time": "2016-05-10 06:24:53"
        },
        {
            "name": "move-elevator/symfony-coding-standard",
            "version": "2.0.0",
            "source": {
                "type": "git",
                "url": "https://github.com/move-elevator/symfony-coding-standard.git",
                "reference": "cba94db20191bc02bdc8daf5b1d7d3abf7bbc07e"
            },
            "dist": {
                "type": "zip",
                "url": "https://api.github.com/repos/move-elevator/symfony-coding-standard/zipball/cba94db20191bc02bdc8daf5b1d7d3abf7bbc07e",
                "reference": "cba94db20191bc02bdc8daf5b1d7d3abf7bbc07e",
                "shasum": ""
            },
            "require": {
                "squizlabs/php_codesniffer": "~2.0"
            },
            "require-dev": {
                "phpunit/phpunit": "~4",
                "symfony/process": "~2"
            },
            "type": "library",
            "notification-url": "https://packagist.org/downloads/",
            "license": [
                "MIT"
            ],
            "description": "A PHP_CodeSniffer standard for Symfony applications.",
            "time": "2016-11-18 15:08:36"
        },
        {
            "name": "pdepend/pdepend",
            "version": "2.3.2",
            "source": {
                "type": "git",
                "url": "https://github.com/pdepend/pdepend.git",
                "reference": "8d7ab8fe8c1f9de5056bb7ea2c0852f4ddd44f90"
            },
            "dist": {
                "type": "zip",
                "url": "https://api.github.com/repos/pdepend/pdepend/zipball/8d7ab8fe8c1f9de5056bb7ea2c0852f4ddd44f90",
                "reference": "8d7ab8fe8c1f9de5056bb7ea2c0852f4ddd44f90",
                "shasum": ""
            },
            "require": {
                "php": ">=5.3.7",
                "symfony/config": "^2.3.0|^3",
                "symfony/dependency-injection": "^2.3.0|^3",
                "symfony/filesystem": "^2.3.0|^3"
            },
            "require-dev": {
                "phpunit/phpunit": "^4.4.0,<4.8",
                "squizlabs/php_codesniffer": "^2.0.0"
            },
            "bin": [
                "src/bin/pdepend"
            ],
            "type": "library",
            "autoload": {
                "psr-4": {
                    "PDepend\\": "src/main/php/PDepend"
                }
            },
            "notification-url": "https://packagist.org/downloads/",
            "license": [
                "BSD-3-Clause"
            ],
            "description": "Official version of pdepend to be handled with Composer",
            "time": "2016-11-23 20:25:02"
        },
        {
            "name": "phploc/phploc",
            "version": "3.0.1",
            "source": {
                "type": "git",
                "url": "https://github.com/sebastianbergmann/phploc.git",
                "reference": "74f917e6f80f291856989960d31afa44a4196859"
            },
            "dist": {
                "type": "zip",
                "url": "https://api.github.com/repos/sebastianbergmann/phploc/zipball/74f917e6f80f291856989960d31afa44a4196859",
                "reference": "74f917e6f80f291856989960d31afa44a4196859",
                "shasum": ""
            },
            "require": {
                "php": ">=5.6",
                "sebastian/finder-facade": "~1.1",
                "sebastian/git": "~2.1",
                "sebastian/version": "~1.0.3|~2.0",
                "symfony/console": "~2.5|~3.0"
            },
            "require-dev": {
                "phpunit/phpunit": "~5"
            },
            "bin": [
                "phploc"
            ],
            "type": "library",
            "extra": {
                "branch-alias": {
                    "dev-master": "3.0-dev"
                }
            },
            "autoload": {
                "classmap": [
                    "src/"
                ]
            },
            "notification-url": "https://packagist.org/downloads/",
            "license": [
                "BSD-3-Clause"
            ],
            "authors": [
                {
                    "name": "Sebastian Bergmann",
                    "email": "sebastian@phpunit.de",
                    "role": "lead"
                }
            ],
            "description": "A tool for quickly measuring the size of a PHP project.",
            "homepage": "https://github.com/sebastianbergmann/phploc",
            "time": "2016-04-25 08:11:21"
        },
        {
            "name": "phpmd/phpmd",
            "version": "2.5.0",
            "source": {
                "type": "git",
                "url": "https://github.com/phpmd/phpmd.git",
                "reference": "9298602a922cd8c46666df8d540a60bc5925ce55"
            },
            "dist": {
                "type": "zip",
                "url": "https://api.github.com/repos/phpmd/phpmd/zipball/9298602a922cd8c46666df8d540a60bc5925ce55",
                "reference": "9298602a922cd8c46666df8d540a60bc5925ce55",
                "shasum": ""
            },
            "require": {
                "pdepend/pdepend": "^2.0.4",
                "php": ">=5.3.9"
            },
            "require-dev": {
                "phpunit/phpunit": "^4.0",
                "squizlabs/php_codesniffer": "^2.0"
            },
            "bin": [
                "src/bin/phpmd"
            ],
            "type": "project",
            "autoload": {
                "psr-0": {
                    "PHPMD\\": "src/main/php"
                }
            },
            "notification-url": "https://packagist.org/downloads/",
            "license": [
                "BSD-3-Clause"
            ],
            "authors": [
                {
                    "name": "Manuel Pichler",
                    "email": "github@manuel-pichler.de",
                    "homepage": "https://github.com/manuelpichler",
                    "role": "Project Founder"
                },
                {
                    "name": "Other contributors",
                    "homepage": "https://github.com/phpmd/phpmd/graphs/contributors",
                    "role": "Contributors"
                },
                {
                    "name": "Marc Würth",
                    "email": "ravage@bluewin.ch",
                    "homepage": "https://github.com/ravage84",
                    "role": "Project Maintainer"
                }
            ],
            "description": "PHPMD is a spin-off project of PHP Depend and aims to be a PHP equivalent of the well known Java tool PMD.",
            "homepage": "http://phpmd.org/",
            "keywords": [
                "mess detection",
                "mess detector",
                "pdepend",
                "phpmd",
                "pmd"
            ],
            "time": "2016-11-23 20:33:32"
        },
        {
            "name": "phpunit/php-timer",
            "version": "1.0.8",
            "source": {
                "type": "git",
                "url": "https://github.com/sebastianbergmann/php-timer.git",
                "reference": "38e9124049cf1a164f1e4537caf19c99bf1eb260"
            },
            "dist": {
                "type": "zip",
                "url": "https://api.github.com/repos/sebastianbergmann/php-timer/zipball/38e9124049cf1a164f1e4537caf19c99bf1eb260",
                "reference": "38e9124049cf1a164f1e4537caf19c99bf1eb260",
                "shasum": ""
            },
            "require": {
                "php": ">=5.3.3"
            },
            "require-dev": {
                "phpunit/phpunit": "~4|~5"
            },
            "type": "library",
            "autoload": {
                "classmap": [
                    "src/"
                ]
            },
            "notification-url": "https://packagist.org/downloads/",
            "license": [
                "BSD-3-Clause"
            ],
            "authors": [
                {
                    "name": "Sebastian Bergmann",
                    "email": "sb@sebastian-bergmann.de",
                    "role": "lead"
                }
            ],
            "description": "Utility class for timing",
            "homepage": "https://github.com/sebastianbergmann/php-timer/",
            "keywords": [
                "timer"
            ],
            "time": "2016-05-12 18:03:57"
        },
        {
            "name": "phpunit/php-token-stream",
            "version": "1.4.9",
            "source": {
                "type": "git",
                "url": "https://github.com/sebastianbergmann/php-token-stream.git",
                "reference": "3b402f65a4cc90abf6e1104e388b896ce209631b"
            },
            "dist": {
                "type": "zip",
                "url": "https://api.github.com/repos/sebastianbergmann/php-token-stream/zipball/3b402f65a4cc90abf6e1104e388b896ce209631b",
                "reference": "3b402f65a4cc90abf6e1104e388b896ce209631b",
                "shasum": ""
            },
            "require": {
                "ext-tokenizer": "*",
                "php": ">=5.3.3"
            },
            "require-dev": {
                "phpunit/phpunit": "~4.2"
            },
            "type": "library",
            "extra": {
                "branch-alias": {
                    "dev-master": "1.4-dev"
                }
            },
            "autoload": {
                "classmap": [
                    "src/"
                ]
            },
            "notification-url": "https://packagist.org/downloads/",
            "license": [
                "BSD-3-Clause"
            ],
            "authors": [
                {
                    "name": "Sebastian Bergmann",
                    "email": "sebastian@phpunit.de"
                }
            ],
            "description": "Wrapper around PHP's tokenizer extension.",
            "homepage": "https://github.com/sebastianbergmann/php-token-stream/",
            "keywords": [
                "tokenizer"
            ],
            "time": "2016-11-15 14:06:22"
        },
        {
            "name": "psr/log",
            "version": "1.0.2",
            "source": {
                "type": "git",
                "url": "https://github.com/php-fig/log.git",
                "reference": "4ebe3a8bf773a19edfe0a84b6585ba3d401b724d"
            },
            "dist": {
                "type": "zip",
                "url": "https://api.github.com/repos/php-fig/log/zipball/4ebe3a8bf773a19edfe0a84b6585ba3d401b724d",
                "reference": "4ebe3a8bf773a19edfe0a84b6585ba3d401b724d",
                "shasum": ""
            },
            "require": {
                "php": ">=5.3.0"
            },
            "type": "library",
            "extra": {
                "branch-alias": {
                    "dev-master": "1.0.x-dev"
                }
            },
            "autoload": {
                "psr-4": {
                    "Psr\\Log\\": "Psr/Log/"
                }
            },
            "notification-url": "https://packagist.org/downloads/",
            "license": [
                "MIT"
            ],
            "authors": [
                {
                    "name": "PHP-FIG",
                    "homepage": "http://www.php-fig.org/"
                }
            ],
            "description": "Common interface for logging libraries",
            "homepage": "https://github.com/php-fig/log",
            "keywords": [
                "log",
                "psr",
                "psr-3"
            ],
            "time": "2016-10-10 12:19:37"
        },
        {
            "name": "sebastian/finder-facade",
            "version": "1.2.1",
            "source": {
                "type": "git",
                "url": "https://github.com/sebastianbergmann/finder-facade.git",
                "reference": "2a6f7f57efc0aa2d23297d9fd9e2a03111a8c0b9"
            },
            "dist": {
                "type": "zip",
                "url": "https://api.github.com/repos/sebastianbergmann/finder-facade/zipball/2a6f7f57efc0aa2d23297d9fd9e2a03111a8c0b9",
                "reference": "2a6f7f57efc0aa2d23297d9fd9e2a03111a8c0b9",
                "shasum": ""
            },
            "require": {
                "symfony/finder": "~2.3|~3.0",
                "theseer/fdomdocument": "~1.3"
            },
            "type": "library",
            "autoload": {
                "classmap": [
                    "src/"
                ]
            },
            "notification-url": "https://packagist.org/downloads/",
            "license": [
                "BSD-3-Clause"
            ],
            "authors": [
                {
                    "name": "Sebastian Bergmann",
                    "email": "sebastian@phpunit.de",
                    "role": "lead"
                }
            ],
            "description": "FinderFacade is a convenience wrapper for Symfony's Finder component.",
            "homepage": "https://github.com/sebastianbergmann/finder-facade",
            "time": "2016-02-17 07:02:23"
        },
        {
            "name": "sebastian/git",
            "version": "2.1.3",
            "source": {
                "type": "git",
                "url": "https://github.com/sebastianbergmann/git.git",
                "reference": "5100bc50cd9e70f424c643618e142214225024f3"
            },
            "dist": {
                "type": "zip",
                "url": "https://api.github.com/repos/sebastianbergmann/git/zipball/5100bc50cd9e70f424c643618e142214225024f3",
                "reference": "5100bc50cd9e70f424c643618e142214225024f3",
                "shasum": ""
            },
            "require": {
                "php": ">=5.3.3"
            },
            "type": "library",
            "extra": {
                "branch-alias": {
                    "dev-master": "2.1-dev"
                }
            },
            "autoload": {
                "classmap": [
                    "src/"
                ]
            },
            "notification-url": "https://packagist.org/downloads/",
            "license": [
                "BSD-3-Clause"
            ],
            "authors": [
                {
                    "name": "Sebastian Bergmann",
                    "email": "sebastian@phpunit.de"
                }
            ],
            "description": "Simple wrapper for Git",
            "homepage": "http://www.github.com/sebastianbergmann/git",
            "keywords": [
                "git"
            ],
            "time": "2016-06-15 09:30:19"
        },
        {
            "name": "sebastian/phpcpd",
            "version": "2.0.4",
            "source": {
                "type": "git",
                "url": "https://github.com/sebastianbergmann/phpcpd.git",
                "reference": "24d9a880deadb0b8c9680e9cfe78e30b704225db"
            },
            "dist": {
                "type": "zip",
                "url": "https://api.github.com/repos/sebastianbergmann/phpcpd/zipball/24d9a880deadb0b8c9680e9cfe78e30b704225db",
                "reference": "24d9a880deadb0b8c9680e9cfe78e30b704225db",
                "shasum": ""
            },
            "require": {
                "php": ">=5.3.3",
                "phpunit/php-timer": ">=1.0.6",
                "sebastian/finder-facade": "~1.1",
                "sebastian/version": "~1.0|~2.0",
                "symfony/console": "~2.7|^3.0",
                "theseer/fdomdocument": "~1.4"
            },
            "bin": [
                "phpcpd"
            ],
            "type": "library",
            "extra": {
                "branch-alias": {
                    "dev-master": "2.0-dev"
                }
            },
            "autoload": {
                "classmap": [
                    "src/"
                ]
            },
            "notification-url": "https://packagist.org/downloads/",
            "license": [
                "BSD-3-Clause"
            ],
            "authors": [
                {
                    "name": "Sebastian Bergmann",
                    "email": "sebastian@phpunit.de",
                    "role": "lead"
                }
            ],
            "description": "Copy/Paste Detector (CPD) for PHP code.",
            "homepage": "https://github.com/sebastianbergmann/phpcpd",
            "time": "2016-04-17 19:32:49"
        },
        {
            "name": "sebastian/version",
            "version": "2.0.0",
            "source": {
                "type": "git",
                "url": "https://github.com/sebastianbergmann/version.git",
                "reference": "c829badbd8fdf16a0bad8aa7fa7971c029f1b9c5"
            },
            "dist": {
                "type": "zip",
                "url": "https://api.github.com/repos/sebastianbergmann/version/zipball/c829badbd8fdf16a0bad8aa7fa7971c029f1b9c5",
                "reference": "c829badbd8fdf16a0bad8aa7fa7971c029f1b9c5",
                "shasum": ""
            },
            "require": {
                "php": ">=5.6"
            },
            "type": "library",
            "extra": {
                "branch-alias": {
                    "dev-master": "2.0.x-dev"
                }
            },
            "autoload": {
                "classmap": [
                    "src/"
                ]
            },
            "notification-url": "https://packagist.org/downloads/",
            "license": [
                "BSD-3-Clause"
            ],
            "authors": [
                {
                    "name": "Sebastian Bergmann",
                    "email": "sebastian@phpunit.de",
                    "role": "lead"
                }
            ],
            "description": "Library that helps with managing the version number of Git-hosted PHP projects",
            "homepage": "https://github.com/sebastianbergmann/version",
            "time": "2016-02-04 12:56:52"
        },
        {
            "name": "squizlabs/php_codesniffer",
            "version": "2.7.0",
            "source": {
                "type": "git",
                "url": "https://github.com/squizlabs/PHP_CodeSniffer.git",
                "reference": "571e27b6348e5b3a637b2abc82ac0d01e6d7bbed"
            },
            "dist": {
                "type": "zip",
                "url": "https://api.github.com/repos/squizlabs/PHP_CodeSniffer/zipball/571e27b6348e5b3a637b2abc82ac0d01e6d7bbed",
                "reference": "571e27b6348e5b3a637b2abc82ac0d01e6d7bbed",
                "shasum": ""
            },
            "require": {
                "ext-simplexml": "*",
                "ext-tokenizer": "*",
                "ext-xmlwriter": "*",
                "php": ">=5.1.2"
            },
            "require-dev": {
                "phpunit/phpunit": "~4.0"
            },
            "bin": [
                "scripts/phpcs",
                "scripts/phpcbf"
            ],
            "type": "library",
            "extra": {
                "branch-alias": {
                    "dev-master": "2.x-dev"
                }
            },
            "autoload": {
                "classmap": [
                    "CodeSniffer.php",
                    "CodeSniffer/CLI.php",
                    "CodeSniffer/Exception.php",
                    "CodeSniffer/File.php",
                    "CodeSniffer/Fixer.php",
                    "CodeSniffer/Report.php",
                    "CodeSniffer/Reporting.php",
                    "CodeSniffer/Sniff.php",
                    "CodeSniffer/Tokens.php",
                    "CodeSniffer/Reports/",
                    "CodeSniffer/Tokenizers/",
                    "CodeSniffer/DocGenerators/",
                    "CodeSniffer/Standards/AbstractPatternSniff.php",
                    "CodeSniffer/Standards/AbstractScopeSniff.php",
                    "CodeSniffer/Standards/AbstractVariableSniff.php",
                    "CodeSniffer/Standards/IncorrectPatternException.php",
                    "CodeSniffer/Standards/Generic/Sniffs/",
                    "CodeSniffer/Standards/MySource/Sniffs/",
                    "CodeSniffer/Standards/PEAR/Sniffs/",
                    "CodeSniffer/Standards/PSR1/Sniffs/",
                    "CodeSniffer/Standards/PSR2/Sniffs/",
                    "CodeSniffer/Standards/Squiz/Sniffs/",
                    "CodeSniffer/Standards/Zend/Sniffs/"
                ]
            },
            "notification-url": "https://packagist.org/downloads/",
            "license": [
                "BSD-3-Clause"
            ],
            "authors": [
                {
                    "name": "Greg Sherwood",
                    "role": "lead"
                }
            ],
            "description": "PHP_CodeSniffer tokenizes PHP, JavaScript and CSS files and detects violations of a defined set of coding standards.",
            "homepage": "http://www.squizlabs.com/php-codesniffer",
            "keywords": [
                "phpcs",
                "standards"
            ],
            "time": "2016-09-01 23:53:02"
        },
        {
            "name": "symfony/config",
            "version": "v3.1.7",
            "source": {
                "type": "git",
                "url": "https://github.com/symfony/config.git",
                "reference": "ab4fa32ffe6e625f9b7444e5e8d4702a0bc3ad7a"
            },
            "dist": {
                "type": "zip",
                "url": "https://api.github.com/repos/symfony/config/zipball/ab4fa32ffe6e625f9b7444e5e8d4702a0bc3ad7a",
                "reference": "ab4fa32ffe6e625f9b7444e5e8d4702a0bc3ad7a",
                "shasum": ""
            },
            "require": {
                "php": ">=5.5.9",
                "symfony/filesystem": "~2.8|~3.0"
            },
            "suggest": {
                "symfony/yaml": "To use the yaml reference dumper"
            },
            "type": "library",
            "extra": {
                "branch-alias": {
                    "dev-master": "3.1-dev"
                }
            },
            "autoload": {
                "psr-4": {
                    "Symfony\\Component\\Config\\": ""
                },
                "exclude-from-classmap": [
                    "/Tests/"
                ]
            },
            "notification-url": "https://packagist.org/downloads/",
            "license": [
                "MIT"
            ],
            "authors": [
                {
                    "name": "Fabien Potencier",
                    "email": "fabien@symfony.com"
                },
                {
                    "name": "Symfony Community",
                    "homepage": "https://symfony.com/contributors"
                }
            ],
            "description": "Symfony Config Component",
            "homepage": "https://symfony.com",
            "time": "2016-11-03 08:04:31"
        },
        {
            "name": "symfony/console",
            "version": "v3.1.7",
            "source": {
                "type": "git",
                "url": "https://github.com/symfony/console.git",
                "reference": "5be36e1f3ac7ecbe7e34fb641480ad8497b83aa6"
            },
            "dist": {
                "type": "zip",
                "url": "https://api.github.com/repos/symfony/console/zipball/5be36e1f3ac7ecbe7e34fb641480ad8497b83aa6",
                "reference": "5be36e1f3ac7ecbe7e34fb641480ad8497b83aa6",
                "shasum": ""
            },
            "require": {
                "php": ">=5.5.9",
                "symfony/debug": "~2.8|~3.0",
                "symfony/polyfill-mbstring": "~1.0"
            },
            "require-dev": {
                "psr/log": "~1.0",
                "symfony/event-dispatcher": "~2.8|~3.0",
                "symfony/process": "~2.8|~3.0"
            },
            "suggest": {
                "psr/log": "For using the console logger",
                "symfony/event-dispatcher": "",
                "symfony/process": ""
            },
            "type": "library",
            "extra": {
                "branch-alias": {
                    "dev-master": "3.1-dev"
                }
            },
            "autoload": {
                "psr-4": {
                    "Symfony\\Component\\Console\\": ""
                },
                "exclude-from-classmap": [
                    "/Tests/"
                ]
            },
            "notification-url": "https://packagist.org/downloads/",
            "license": [
                "MIT"
            ],
            "authors": [
                {
                    "name": "Fabien Potencier",
                    "email": "fabien@symfony.com"
                },
                {
                    "name": "Symfony Community",
                    "homepage": "https://symfony.com/contributors"
                }
            ],
            "description": "Symfony Console Component",
            "homepage": "https://symfony.com",
            "time": "2016-11-16 22:17:09"
        },
        {
            "name": "symfony/debug",
            "version": "v3.1.7",
            "source": {
                "type": "git",
                "url": "https://github.com/symfony/debug.git",
                "reference": "c058661c32f5b462722e36d120905940089cbd9a"
            },
            "dist": {
                "type": "zip",
                "url": "https://api.github.com/repos/symfony/debug/zipball/c058661c32f5b462722e36d120905940089cbd9a",
                "reference": "c058661c32f5b462722e36d120905940089cbd9a",
                "shasum": ""
            },
            "require": {
                "php": ">=5.5.9",
                "psr/log": "~1.0"
            },
            "conflict": {
                "symfony/http-kernel": ">=2.3,<2.3.24|~2.4.0|>=2.5,<2.5.9|>=2.6,<2.6.2"
            },
            "require-dev": {
                "symfony/class-loader": "~2.8|~3.0",
                "symfony/http-kernel": "~2.8|~3.0"
            },
            "type": "library",
            "extra": {
                "branch-alias": {
                    "dev-master": "3.1-dev"
                }
            },
            "autoload": {
                "psr-4": {
                    "Symfony\\Component\\Debug\\": ""
                },
                "exclude-from-classmap": [
                    "/Tests/"
                ]
            },
            "notification-url": "https://packagist.org/downloads/",
            "license": [
                "MIT"
            ],
            "authors": [
                {
                    "name": "Fabien Potencier",
                    "email": "fabien@symfony.com"
                },
                {
                    "name": "Symfony Community",
                    "homepage": "https://symfony.com/contributors"
                }
            ],
            "description": "Symfony Debug Component",
            "homepage": "https://symfony.com",
            "time": "2016-11-15 12:55:20"
        },
        {
            "name": "symfony/dependency-injection",
            "version": "v3.1.7",
            "source": {
                "type": "git",
                "url": "https://github.com/symfony/dependency-injection.git",
                "reference": "87598e21bb9020bd9ccd6df6936b9c369c72775d"
            },
            "dist": {
                "type": "zip",
                "url": "https://api.github.com/repos/symfony/dependency-injection/zipball/87598e21bb9020bd9ccd6df6936b9c369c72775d",
                "reference": "87598e21bb9020bd9ccd6df6936b9c369c72775d",
                "shasum": ""
            },
            "require": {
                "php": ">=5.5.9"
            },
            "require-dev": {
                "symfony/config": "~2.8|~3.0",
                "symfony/expression-language": "~2.8|~3.0",
                "symfony/yaml": "~2.8.7|~3.0.7|~3.1.1|~3.2"
            },
            "suggest": {
                "symfony/config": "",
                "symfony/expression-language": "For using expressions in service container configuration",
                "symfony/proxy-manager-bridge": "Generate service proxies to lazy load them",
                "symfony/yaml": ""
            },
            "type": "library",
            "extra": {
                "branch-alias": {
                    "dev-master": "3.1-dev"
                }
            },
            "autoload": {
                "psr-4": {
                    "Symfony\\Component\\DependencyInjection\\": ""
                },
                "exclude-from-classmap": [
                    "/Tests/"
                ]
            },
            "notification-url": "https://packagist.org/downloads/",
            "license": [
                "MIT"
            ],
            "authors": [
                {
                    "name": "Fabien Potencier",
                    "email": "fabien@symfony.com"
                },
                {
                    "name": "Symfony Community",
                    "homepage": "https://symfony.com/contributors"
                }
            ],
            "description": "Symfony DependencyInjection Component",
            "homepage": "https://symfony.com",
            "time": "2016-11-18 21:15:08"
        },
        {
            "name": "symfony/filesystem",
            "version": "v3.1.7",
            "source": {
                "type": "git",
                "url": "https://github.com/symfony/filesystem.git",
                "reference": "0565b61bf098cb4dc09f4f103f033138ae4f42c6"
            },
            "dist": {
                "type": "zip",
                "url": "https://api.github.com/repos/symfony/filesystem/zipball/0565b61bf098cb4dc09f4f103f033138ae4f42c6",
                "reference": "0565b61bf098cb4dc09f4f103f033138ae4f42c6",
                "shasum": ""
            },
            "require": {
                "php": ">=5.5.9"
            },
            "type": "library",
            "extra": {
                "branch-alias": {
                    "dev-master": "3.1-dev"
                }
            },
            "autoload": {
                "psr-4": {
                    "Symfony\\Component\\Filesystem\\": ""
                },
                "exclude-from-classmap": [
                    "/Tests/"
                ]
            },
            "notification-url": "https://packagist.org/downloads/",
            "license": [
                "MIT"
            ],
            "authors": [
                {
                    "name": "Fabien Potencier",
                    "email": "fabien@symfony.com"
                },
                {
                    "name": "Symfony Community",
                    "homepage": "https://symfony.com/contributors"
                }
            ],
            "description": "Symfony Filesystem Component",
            "homepage": "https://symfony.com",
            "time": "2016-10-18 04:30:12"
        },
        {
            "name": "symfony/finder",
            "version": "v3.1.7",
            "source": {
                "type": "git",
                "url": "https://github.com/symfony/finder.git",
                "reference": "9925935bf7144f9e4d2b976905881b4face036fb"
            },
            "dist": {
                "type": "zip",
                "url": "https://api.github.com/repos/symfony/finder/zipball/9925935bf7144f9e4d2b976905881b4face036fb",
                "reference": "9925935bf7144f9e4d2b976905881b4face036fb",
                "shasum": ""
            },
            "require": {
                "php": ">=5.5.9"
            },
            "type": "library",
            "extra": {
                "branch-alias": {
                    "dev-master": "3.1-dev"
                }
            },
            "autoload": {
                "psr-4": {
                    "Symfony\\Component\\Finder\\": ""
                },
                "exclude-from-classmap": [
                    "/Tests/"
                ]
            },
            "notification-url": "https://packagist.org/downloads/",
            "license": [
                "MIT"
            ],
            "authors": [
                {
                    "name": "Fabien Potencier",
                    "email": "fabien@symfony.com"
                },
                {
                    "name": "Symfony Community",
                    "homepage": "https://symfony.com/contributors"
                }
            ],
            "description": "Symfony Finder Component",
            "homepage": "https://symfony.com",
            "time": "2016-11-03 08:04:31"
        },
        {
            "name": "symfony/polyfill-mbstring",
            "version": "v1.3.0",
            "source": {
                "type": "git",
                "url": "https://github.com/symfony/polyfill-mbstring.git",
                "reference": "e79d363049d1c2128f133a2667e4f4190904f7f4"
            },
            "dist": {
                "type": "zip",
                "url": "https://api.github.com/repos/symfony/polyfill-mbstring/zipball/e79d363049d1c2128f133a2667e4f4190904f7f4",
                "reference": "e79d363049d1c2128f133a2667e4f4190904f7f4",
                "shasum": ""
            },
            "require": {
                "php": ">=5.3.3"
            },
            "suggest": {
                "ext-mbstring": "For best performance"
            },
            "type": "library",
            "extra": {
                "branch-alias": {
                    "dev-master": "1.3-dev"
                }
            },
            "autoload": {
                "psr-4": {
                    "Symfony\\Polyfill\\Mbstring\\": ""
                },
                "files": [
                    "bootstrap.php"
                ]
            },
            "notification-url": "https://packagist.org/downloads/",
            "license": [
                "MIT"
            ],
            "authors": [
                {
                    "name": "Nicolas Grekas",
                    "email": "p@tchwork.com"
                },
                {
                    "name": "Symfony Community",
                    "homepage": "https://symfony.com/contributors"
                }
            ],
            "description": "Symfony polyfill for the Mbstring extension",
            "homepage": "https://symfony.com",
            "keywords": [
                "compatibility",
                "mbstring",
                "polyfill",
                "portable",
                "shim"
            ],
            "time": "2016-11-14 01:06:16"
        },
        {
            "name": "theseer/fdomdocument",
            "version": "1.6.1",
            "source": {
                "type": "git",
                "url": "https://github.com/theseer/fDOMDocument.git",
                "reference": "d9ad139d6c2e8edf5e313ffbe37ff13344cf0684"
            },
            "dist": {
                "type": "zip",
                "url": "https://api.github.com/repos/theseer/fDOMDocument/zipball/d9ad139d6c2e8edf5e313ffbe37ff13344cf0684",
                "reference": "d9ad139d6c2e8edf5e313ffbe37ff13344cf0684",
                "shasum": ""
            },
            "require": {
                "ext-dom": "*",
                "lib-libxml": "*",
                "php": ">=5.3.3"
            },
            "type": "library",
            "autoload": {
                "classmap": [
                    "src/"
                ]
            },
            "notification-url": "https://packagist.org/downloads/",
            "license": [
                "BSD-3-Clause"
            ],
            "authors": [
                {
                    "name": "Arne Blankerts",
                    "email": "arne@blankerts.de",
                    "role": "lead"
                }
            ],
            "description": "The classes contained within this repository extend the standard DOM to use exceptions at all occasions of errors instead of PHP warnings or notices. They also add various custom methods and shortcuts for convenience and to simplify the usage of DOM.",
            "homepage": "https://github.com/theseer/fDOMDocument",
            "time": "2015-05-27 22:58:02"
        },
        {
            "name": "tm/tooly-composer-script",
            "version": "1.2.1",
            "source": {
                "type": "git",
                "url": "https://github.com/tommy-muehle/tooly-composer-script.git",
                "reference": "be34f34ebd83bd25ee388240fcb1b55f109adb6b"
            },
            "dist": {
                "type": "zip",
                "url": "https://api.github.com/repos/tommy-muehle/tooly-composer-script/zipball/be34f34ebd83bd25ee388240fcb1b55f109adb6b",
                "reference": "be34f34ebd83bd25ee388240fcb1b55f109adb6b",
                "shasum": ""
            },
            "require": {
                "php": ">=5.6.0"
            },
            "require-dev": {
                "codeclimate/php-test-reporter": "dev-master",
                "composer/composer": "1.*",
                "mikey179/vfsstream": "1.6.*",
                "php-mock/php-mock-phpunit": "1.1.*",
                "tm/gpg-verifier": "1.*"
            },
            "suggest": {
                "tm/gpg-verifier": "Allows verification over GPG for PHAR tools."
            },
            "type": "library",
            "extra": {
                "tools": {
                    "phpunit": {
                        "url": "https://phar.phpunit.de/phpunit-5.5.0.phar"
                    },
                    "phpcpd": {
                        "url": "https://phar.phpunit.de/phpcpd-2.0.4.phar"
                    },
                    "phpcs": {
                        "url": "https://squizlabs.github.io/PHP_CodeSniffer/phpcs.phar",
                        "force-replace": true
                    },
                    "phpmd": {
                        "url": "http://static.phpmd.org/php/latest/phpmd.phar",
                        "force-replace": true
                    },
                    "security-checker": {
                        "url": "http://get.sensiolabs.org/security-checker.phar",
                        "force-replace": true
                    }
                }
            },
            "autoload": {
                "psr-4": {
                    "Tooly\\": "src/"
                }
            },
            "notification-url": "https://packagist.org/downloads/",
            "license": [
                "MIT"
            ],
            "authors": [
                {
                    "name": "Tommy Muehle",
                    "email": "tommy.muehle@gmail.com",
                    "homepage": "https://tommy-muehle.de"
                }
            ],
            "description": "Simple composer script to manage phar files.",
            "homepage": "https://github.com/tommy-muehle/tooly-composer-script",
            "keywords": [
                "composer",
                "composer-phar",
                "composer-script",
                "gpg-verification",
                "phar",
                "phar-handling",
                "phar-management"
            ],
            "time": "2016-09-13 10:42:40"
        }
    ],
    "aliases": [],
    "minimum-stability": "stable",
    "stability-flags": [],
    "prefer-stable": false,
    "prefer-lowest": false,
    "platform": {
        "php": ">=7.0"
    },
    "platform-dev": []
}
